<?xml version="1.0" encoding="utf-8"?>
<Project ToolsVersion="4.0" xmlns="http://schemas.microsoft.com/developer/msbuild/2003">
  <ItemGroup>
    <Filter Include="Fichiers sources">
      <UniqueIdentifier>{4FC737F1-C7A5-4376-A066-2A32D752A2FF}</UniqueIdentifier>
      <Extensions>cpp;c;cc;cxx;def;odl;idl;hpj;bat;asm;asmx</Extensions>
    </Filter>
    <Filter Include="Fichiers d%27en-tête">
      <UniqueIdentifier>{93995380-89BD-4b04-88EB-625FBE52EBFB}</UniqueIdentifier>
      <Extensions>h;hh;hpp;hxx;hm;inl;inc;ipp;xsd</Extensions>
    </Filter>
    <Filter Include="Fichiers de ressources">
      <UniqueIdentifier>{67DA6AB6-F800-4c08-8B7A-83BB121AAD01}</UniqueIdentifier>
      <Extensions>rc;ico;cur;bmp;dlg;rc2;rct;bin;rgs;gif;jpg;jpeg;jpe;resx;tiff;tif;png;wav;mfcribbon-ms</Extensions>
    </Filter>
    <Filter Include="Fichiers sources\calculator_engine">
      <UniqueIdentifier>{eb3d19f4-fa2a-4361-b31e-775cac5468d8}</UniqueIdentifier>
    </Filter>
    <Filter Include="Fichiers sources\model">
      <UniqueIdentifier>{3b961073-7092-41ae-b843-d419c0b88b57}</UniqueIdentifier>
    </Filter>
    <Filter Include="Fichiers sources\model\litteral">
      <UniqueIdentifier>{1c7614e8-a8d7-4ed1-8783-b61a97cc6ebc}</UniqueIdentifier>
    </Filter>
  </ItemGroup>
  <ItemGroup>
    <ClCompile Include="main.cpp">
      <Filter>Fichiers sources</Filter>
    </ClCompile>
    <ClCompile Include="model\litteral\base_litteral.cpp">
      <Filter>Fichiers sources\model\litteral</Filter>
    </ClCompile>
  </ItemGroup>
  <ItemGroup>
    <ClInclude Include="model\litteral\base_litteral.hpp">
      <Filter>Fichiers sources\model\litteral</Filter>
    </ClInclude>
    <ClInclude Include="calculator_engine\calculator_engine.h">
      <Filter>Fichiers sources\calculator_engine</Filter>
    </ClInclude>
  </ItemGroup>
</Project>